
Microsoft Visual Studio Solution File, Format Version 12.00
# Visual Studio 15
VisualStudioVersion = 15.0.28010.2019
MinimumVisualStudioVersion = 10.0.40219.1
Project("{8BC9CEB8-8B4A-11D0-8D11-00A0C91BC942}") = "Domino_1", "Domino_1\Domino_1.vcxproj", "{88BB2FD6-A00D-463B-AAEC-DCF31D398C31}"
EndProject
Global
	GlobalSection(SolutionConfigurationPlatforms) = preSolution
		Debug|x64 = Debug|x64
		Debug|x86 = Debug|x86
		Release|x64 = Release|x64
		Release|x86 = Release|x86
	EndGlobalSection
	GlobalSection(ProjectConfigurationPlatforms) = postSolution
		{88BB2FD6-A00D-463B-AAEC-DCF31D398C31}.Debug|x64.ActiveCfg = Debug|x64
		{88BB2FD6-A00D-463B-AAEC-DCF31D398C31}.Debug|x64.Build.0 = Debug|x64
		{88BB2FD6-A00D-463B-AAEC-DCF31D398C31}.Debug|x86.ActiveCfg = Debug|Win32
		{88BB2FD6-A00D-463B-AAEC-DCF31D398C31}.Debug|x86.Build.0 = Debug|Win32
		{88BB2FD6-A00D-463B-AAEC-DCF31D398C31}.Release|x64.ActiveCfg = Release|x64
		{88BB2FD6-A00D-463B-AAEC-DCF31D398C31}.Release|x64.Build.0 = Release|x64
		{88BB2FD6-A00D-463B-AAEC-DCF31D398C31}.Release|x86.ActiveCfg = Release|Win32
		{88BB2FD6-A00D-463B-AAEC-DCF31D398C31}.Release|x86.Build.0 = Release|Win32
	EndGlobalSection
	GlobalSection(SolutionProperties) = preSolution
		HideSolutionNode = FALSE
	EndGlobalSection
	GlobalSection(ExtensibilityGlobals) = postSolution
		SolutionGuid = {2446CF5D-5002-4F77-9C51-1BFF62B5A39F}
	EndGlobalSection
EndGlobal
